
Microsoft Visual Studio Solution File, Format Version 9.00
# Visual Studio 2005
Project("{FAE04EC0-301F-11D3-BF4B-00C04F79EFBC}") = "Mermer.Core.Couch", "Mermer.Core.Couch.csproj", "{7425C4F5-F101-4521-9C21-FE38BCE8D40C}"
EndProject
Global
	GlobalSection(SolutionConfigurationPlatforms) = preSolution
		Debug|Any CPU = Debug|Any CPU
		Release|Any CPU = Release|Any CPU
	EndGlobalSection
	GlobalSection(ProjectConfigurationPlatforms) = postSolution
		{7425C4F5-F101-4521-9C21-FE38BCE8D40C}.Debug|Any CPU.ActiveCfg = Debug|Any CPU
		{7425C4F5-F101-4521-9C21-FE38BCE8D40C}.Debug|Any CPU.Build.0 = Debug|Any CPU
		{7425C4F5-F101-4521-9C21-FE38BCE8D40C}.Release|Any CPU.ActiveCfg = Release|Any CPU
		{7425C4F5-F101-4521-9C21-FE38BCE8D40C}.Release|Any CPU.Build.0 = Release|Any CPU
	EndGlobalSection
	GlobalSection(SolutionProperties) = preSolution
		HideSolutionNode = FALSE
	EndGlobalSection
EndGlobal
