
Microsoft Visual Studio Solution File, Format Version 9.00
# Visual Studio 2005
Project("{FAE04EC0-301F-11D3-BF4B-00C04F79EFBC}") = "Mermer.Core", "Mermer.Core.csproj", "{8761E129-8DEB-429E-AA19-302FD35B23AB}"
EndProject
Global
	GlobalSection(SolutionConfigurationPlatforms) = preSolution
		Debug|Any CPU = Debug|Any CPU
		Release|Any CPU = Release|Any CPU
	EndGlobalSection
	GlobalSection(ProjectConfigurationPlatforms) = postSolution
		{8761E129-8DEB-429E-AA19-302FD35B23AB}.Debug|Any CPU.ActiveCfg = Debug|Any CPU
		{8761E129-8DEB-429E-AA19-302FD35B23AB}.Debug|Any CPU.Build.0 = Debug|Any CPU
		{8761E129-8DEB-429E-AA19-302FD35B23AB}.Release|Any CPU.ActiveCfg = Release|Any CPU
		{8761E129-8DEB-429E-AA19-302FD35B23AB}.Release|Any CPU.Build.0 = Release|Any CPU
	EndGlobalSection
	GlobalSection(SolutionProperties) = preSolution
		HideSolutionNode = FALSE
	EndGlobalSection
EndGlobal
